
Microsoft Visual Studio Solution File, Format Version 12.00
# Visual Studio 15
VisualStudioVersion = 15.0.28307.421
MinimumVisualStudioVersion = 10.0.40219.1
Project("{FAE04EC0-301F-11D3-BF4B-00C04F79EFBC}") = "3.1", "3.1\3.1.csproj", "{635198A2-2035-4D35-8377-F2E60322A0BD}"
EndProject
Project("{FAE04EC0-301F-11D3-BF4B-00C04F79EFBC}") = "3.2", "3.2\3.2.csproj", "{5C2AAB1D-98E4-48EB-B390-DA7DF14130AF}"
EndProject
Project("{FAE04EC0-301F-11D3-BF4B-00C04F79EFBC}") = "4.1", "4.1\4.1.csproj", "{84BF129E-1535-4CE4-853B-28A2C82087AF}"
EndProject
Project("{FAE04EC0-301F-11D3-BF4B-00C04F79EFBC}") = "4.2", "4.2\4.2.csproj", "{B8FA614A-6E0F-4C0A-8F4D-11FB756DCF3D}"
EndProject
Project("{FAE04EC0-301F-11D3-BF4B-00C04F79EFBC}") = "4.3", "4.3\4.3.csproj", "{003B4602-DBA4-4D73-BF45-3A5FBCA450E8}"
EndProject
Project("{FAE04EC0-301F-11D3-BF4B-00C04F79EFBC}") = "4.4", "4.4\4.4.csproj", "{38B3EE64-C33A-4AFB-9B3A-3957E522ABE0}"
EndProject
Project("{FAE04EC0-301F-11D3-BF4B-00C04F79EFBC}") = "4m", "4m\4m.csproj", "{5C853831-AEE4-4A1F-94AE-5845205725B8}"
EndProject
Project("{FAE04EC0-301F-11D3-BF4B-00C04F79EFBC}") = "5.1", "5.1\5.1.csproj", "{9252CB29-F894-4BD6-80E2-8F80185F131A}"
EndProject
Project("{FAE04EC0-301F-11D3-BF4B-00C04F79EFBC}") = "4.5", "45\4.5.csproj", "{89EACFB1-AB49-44CD-AA50-0CCE06FE5D65}"
EndProject
Project("{FAE04EC0-301F-11D3-BF4B-00C04F79EFBC}") = "5.2", "5.2\5.2.csproj", "{9DD50C74-D3FA-4D64-BEDD-DCB74751ACB6}"
EndProject
Project("{FAE04EC0-301F-11D3-BF4B-00C04F79EFBC}") = "6.1", "6.1\6.1.csproj", "{87E98925-F24E-4870-B005-0F0261A9942B}"
EndProject
Project("{FAE04EC0-301F-11D3-BF4B-00C04F79EFBC}") = "6.3", "6.3\6.3.csproj", "{EDB785EA-2178-4E2D-B78A-A74B61CDE795}"
EndProject
Project("{FAE04EC0-301F-11D3-BF4B-00C04F79EFBC}") = "6.4", "6.4\6.4.csproj", "{69370F7B-8DCF-4E66-A328-8C25A4D36516}"
EndProject
Project("{FAE04EC0-301F-11D3-BF4B-00C04F79EFBC}") = "6.2", "6.2\6.2.csproj", "{50CB5746-CC81-4DF2-AF27-DBE1A0867C32}"
EndProject
Project("{FAE04EC0-301F-11D3-BF4B-00C04F79EFBC}") = "6m", "6m\6m.csproj", "{4DDB171D-4C7C-4BD6-86D6-D37AFD9A3EF7}"
EndProject
Project("{FAE04EC0-301F-11D3-BF4B-00C04F79EFBC}") = "7.1", "7.1\7.1.csproj", "{562FECCD-744F-4F2C-AB06-04772505FF60}"
EndProject
Project("{FAE04EC0-301F-11D3-BF4B-00C04F79EFBC}") = "7.2", "7.2\7.2.csproj", "{AC1C5617-1A68-47A8-B392-6652744147D4}"
EndProject
Project("{FAE04EC0-301F-11D3-BF4B-00C04F79EFBC}") = "7.3", "7.3\7.3.csproj", "{B9DF24F9-5DBD-4C81-845E-8AB7184941D1}"
EndProject
Project("{FAE04EC0-301F-11D3-BF4B-00C04F79EFBC}") = "7.4", "7.4\7.4.csproj", "{41E03D97-4C93-40FA-854C-7A50F82D513D}"
EndProject
Project("{FAE04EC0-301F-11D3-BF4B-00C04F79EFBC}") = "7.5", "7.5\7.5.csproj", "{8ECBFF55-2374-439A-BC67-77061B8FC4EA}"
EndProject
Project("{FAE04EC0-301F-11D3-BF4B-00C04F79EFBC}") = "8.1", "8.1\8.1.csproj", "{C82BE803-F7AE-4E3B-922E-275AFCA63F24}"
EndProject
Project("{FAE04EC0-301F-11D3-BF4B-00C04F79EFBC}") = "8.2", "8.2\8.2.csproj", "{8EBA0671-BE27-4F42-A543-71567D6E3832}"
EndProject
Project("{FAE04EC0-301F-11D3-BF4B-00C04F79EFBC}") = "8.3", "8.3\8.3.csproj", "{B1B83D05-E06D-4443-9C72-B8C9D3FDA77B}"
EndProject
Project("{FAE04EC0-301F-11D3-BF4B-00C04F79EFBC}") = "9.1", "9.1\9.1.csproj", "{30309772-F6CC-4B24-BD80-191F3D71393C}"
EndProject
Project("{FAE04EC0-301F-11D3-BF4B-00C04F79EFBC}") = "9m", "9m\9m.csproj", "{3B0DD0C0-528F-4068-8A5B-E149271A9B02}"
EndProject
Project("{FAE04EC0-301F-11D3-BF4B-00C04F79EFBC}") = "8.5", "8.5\8.5.csproj", "{81261860-0FF8-4961-B07F-098B972E4C2B}"
EndProject
Project("{FAE04EC0-301F-11D3-BF4B-00C04F79EFBC}") = "9.2", "9.2\9.2.csproj", "{A31F98AD-0218-4812-BB32-DA555FFF938B}"
EndProject
Project("{FAE04EC0-301F-11D3-BF4B-00C04F79EFBC}") = "10.1", "10.1\10.1.csproj", "{2B0E8A17-29C9-4668-8BE2-713441061C6C}"
EndProject
Project("{FAE04EC0-301F-11D3-BF4B-00C04F79EFBC}") = "10.2", "10.2\10.2.csproj", "{F3C16D70-B8B7-4531-A90C-2A9E3978040D}"
EndProject
Project("{FAE04EC0-301F-11D3-BF4B-00C04F79EFBC}") = "10.3", "10.3\10.3.csproj", "{811B2AB4-3E62-4D31-B6E7-994AE4E385BC}"
EndProject
Project("{FAE04EC0-301F-11D3-BF4B-00C04F79EFBC}") = "9m2", "9m2\9m2.csproj", "{D078B40F-17BA-4D71-B329-425E84C7F222}"
EndProject
Global
	GlobalSection(SolutionConfigurationPlatforms) = preSolution
		Debug|Any CPU = Debug|Any CPU
		Release|Any CPU = Release|Any CPU
	EndGlobalSection
	GlobalSection(ProjectConfigurationPlatforms) = postSolution
		{635198A2-2035-4D35-8377-F2E60322A0BD}.Debug|Any CPU.ActiveCfg = Debug|Any CPU
		{635198A2-2035-4D35-8377-F2E60322A0BD}.Debug|Any CPU.Build.0 = Debug|Any CPU
		{635198A2-2035-4D35-8377-F2E60322A0BD}.Release|Any CPU.ActiveCfg = Release|Any CPU
		{635198A2-2035-4D35-8377-F2E60322A0BD}.Release|Any CPU.Build.0 = Release|Any CPU
		{5C2AAB1D-98E4-48EB-B390-DA7DF14130AF}.Debug|Any CPU.ActiveCfg = Debug|Any CPU
		{5C2AAB1D-98E4-48EB-B390-DA7DF14130AF}.Debug|Any CPU.Build.0 = Debug|Any CPU
		{5C2AAB1D-98E4-48EB-B390-DA7DF14130AF}.Release|Any CPU.ActiveCfg = Release|Any CPU
		{5C2AAB1D-98E4-48EB-B390-DA7DF14130AF}.Release|Any CPU.Build.0 = Release|Any CPU
		{84BF129E-1535-4CE4-853B-28A2C82087AF}.Debug|Any CPU.ActiveCfg = Debug|Any CPU
		{84BF129E-1535-4CE4-853B-28A2C82087AF}.Debug|Any CPU.Build.0 = Debug|Any CPU
		{84BF129E-1535-4CE4-853B-28A2C82087AF}.Release|Any CPU.ActiveCfg = Release|Any CPU
		{84BF129E-1535-4CE4-853B-28A2C82087AF}.Release|Any CPU.Build.0 = Release|Any CPU
		{B8FA614A-6E0F-4C0A-8F4D-11FB756DCF3D}.Debug|Any CPU.ActiveCfg = Debug|Any CPU
		{B8FA614A-6E0F-4C0A-8F4D-11FB756DCF3D}.Debug|Any CPU.Build.0 = Debug|Any CPU
		{B8FA614A-6E0F-4C0A-8F4D-11FB756DCF3D}.Release|Any CPU.ActiveCfg = Release|Any CPU
		{B8FA614A-6E0F-4C0A-8F4D-11FB756DCF3D}.Release|Any CPU.Build.0 = Release|Any CPU
		{003B4602-DBA4-4D73-BF45-3A5FBCA450E8}.Debug|Any CPU.ActiveCfg = Debug|Any CPU
		{003B4602-DBA4-4D73-BF45-3A5FBCA450E8}.Debug|Any CPU.Build.0 = Debug|Any CPU
		{003B4602-DBA4-4D73-BF45-3A5FBCA450E8}.Release|Any CPU.ActiveCfg = Release|Any CPU
		{003B4602-DBA4-4D73-BF45-3A5FBCA450E8}.Release|Any CPU.Build.0 = Release|Any CPU
		{38B3EE64-C33A-4AFB-9B3A-3957E522ABE0}.Debug|Any CPU.ActiveCfg = Debug|Any CPU
		{38B3EE64-C33A-4AFB-9B3A-3957E522ABE0}.Debug|Any CPU.Build.0 = Debug|Any CPU
		{38B3EE64-C33A-4AFB-9B3A-3957E522ABE0}.Release|Any CPU.ActiveCfg = Release|Any CPU
		{38B3EE64-C33A-4AFB-9B3A-3957E522ABE0}.Release|Any CPU.Build.0 = Release|Any CPU
		{5C853831-AEE4-4A1F-94AE-5845205725B8}.Debug|Any CPU.ActiveCfg = Debug|Any CPU
		{5C853831-AEE4-4A1F-94AE-5845205725B8}.Debug|Any CPU.Build.0 = Debug|Any CPU
		{5C853831-AEE4-4A1F-94AE-5845205725B8}.Release|Any CPU.ActiveCfg = Release|Any CPU
		{5C853831-AEE4-4A1F-94AE-5845205725B8}.Release|Any CPU.Build.0 = Release|Any CPU
		{9252CB29-F894-4BD6-80E2-8F80185F131A}.Debug|Any CPU.ActiveCfg = Debug|Any CPU
		{9252CB29-F894-4BD6-80E2-8F80185F131A}.Debug|Any CPU.Build.0 = Debug|Any CPU
		{9252CB29-F894-4BD6-80E2-8F80185F131A}.Release|Any CPU.ActiveCfg = Release|Any CPU
		{9252CB29-F894-4BD6-80E2-8F80185F131A}.Release|Any CPU.Build.0 = Release|Any CPU
		{89EACFB1-AB49-44CD-AA50-0CCE06FE5D65}.Debug|Any CPU.ActiveCfg = Debug|Any CPU
		{89EACFB1-AB49-44CD-AA50-0CCE06FE5D65}.Debug|Any CPU.Build.0 = Debug|Any CPU
		{89EACFB1-AB49-44CD-AA50-0CCE06FE5D65}.Release|Any CPU.ActiveCfg = Release|Any CPU
		{89EACFB1-AB49-44CD-AA50-0CCE06FE5D65}.Release|Any CPU.Build.0 = Release|Any CPU
		{9DD50C74-D3FA-4D64-BEDD-DCB74751ACB6}.Debug|Any CPU.ActiveCfg = Debug|Any CPU
		{9DD50C74-D3FA-4D64-BEDD-DCB74751ACB6}.Debug|Any CPU.Build.0 = Debug|Any CPU
		{9DD50C74-D3FA-4D64-BEDD-DCB74751ACB6}.Release|Any CPU.ActiveCfg = Release|Any CPU
		{9DD50C74-D3FA-4D64-BEDD-DCB74751ACB6}.Release|Any CPU.Build.0 = Release|Any CPU
		{87E98925-F24E-4870-B005-0F0261A9942B}.Debug|Any CPU.ActiveCfg = Debug|Any CPU
		{87E98925-F24E-4870-B005-0F0261A9942B}.Debug|Any CPU.Build.0 = Debug|Any CPU
		{87E98925-F24E-4870-B005-0F0261A9942B}.Release|Any CPU.ActiveCfg = Release|Any CPU
		{87E98925-F24E-4870-B005-0F0261A9942B}.Release|Any CPU.Build.0 = Release|Any CPU
		{EDB785EA-2178-4E2D-B78A-A74B61CDE795}.Debug|Any CPU.ActiveCfg = Debug|Any CPU
		{EDB785EA-2178-4E2D-B78A-A74B61CDE795}.Debug|Any CPU.Build.0 = Debug|Any CPU
		{EDB785EA-2178-4E2D-B78A-A74B61CDE795}.Release|Any CPU.ActiveCfg = Release|Any CPU
		{EDB785EA-2178-4E2D-B78A-A74B61CDE795}.Release|Any CPU.Build.0 = Release|Any CPU
		{69370F7B-8DCF-4E66-A328-8C25A4D36516}.Debug|Any CPU.ActiveCfg = Debug|Any CPU
		{69370F7B-8DCF-4E66-A328-8C25A4D36516}.Debug|Any CPU.Build.0 = Debug|Any CPU
		{69370F7B-8DCF-4E66-A328-8C25A4D36516}.Release|Any CPU.ActiveCfg = Release|Any CPU
		{69370F7B-8DCF-4E66-A328-8C25A4D36516}.Release|Any CPU.Build.0 = Release|Any CPU
		{50CB5746-CC81-4DF2-AF27-DBE1A0867C32}.Debug|Any CPU.ActiveCfg = Debug|Any CPU
		{50CB5746-CC81-4DF2-AF27-DBE1A0867C32}.Debug|Any CPU.Build.0 = Debug|Any CPU
		{50CB5746-CC81-4DF2-AF27-DBE1A0867C32}.Release|Any CPU.ActiveCfg = Release|Any CPU
		{50CB5746-CC81-4DF2-AF27-DBE1A0867C32}.Release|Any CPU.Build.0 = Release|Any CPU
		{4DDB171D-4C7C-4BD6-86D6-D37AFD9A3EF7}.Debug|Any CPU.ActiveCfg = Debug|Any CPU
		{4DDB171D-4C7C-4BD6-86D6-D37AFD9A3EF7}.Debug|Any CPU.Build.0 = Debug|Any CPU
		{4DDB171D-4C7C-4BD6-86D6-D37AFD9A3EF7}.Release|Any CPU.ActiveCfg = Release|Any CPU
		{4DDB171D-4C7C-4BD6-86D6-D37AFD9A3EF7}.Release|Any CPU.Build.0 = Release|Any CPU
		{562FECCD-744F-4F2C-AB06-04772505FF60}.Debug|Any CPU.ActiveCfg = Debug|Any CPU
		{562FECCD-744F-4F2C-AB06-04772505FF60}.Debug|Any CPU.Build.0 = Debug|Any CPU
		{562FECCD-744F-4F2C-AB06-04772505FF60}.Release|Any CPU.ActiveCfg = Release|Any CPU
		{562FECCD-744F-4F2C-AB06-04772505FF60}.Release|Any CPU.Build.0 = Release|Any CPU
		{AC1C5617-1A68-47A8-B392-6652744147D4}.Debug|Any CPU.ActiveCfg = Debug|Any CPU
		{AC1C5617-1A68-47A8-B392-6652744147D4}.Debug|Any CPU.Build.0 = Debug|Any CPU
		{AC1C5617-1A68-47A8-B392-6652744147D4}.Release|Any CPU.ActiveCfg = Release|Any CPU
		{AC1C5617-1A68-47A8-B392-6652744147D4}.Release|Any CPU.Build.0 = Release|Any CPU
		{B9DF24F9-5DBD-4C81-845E-8AB7184941D1}.Debug|Any CPU.ActiveCfg = Debug|Any CPU
		{B9DF24F9-5DBD-4C81-845E-8AB7184941D1}.Debug|Any CPU.Build.0 = Debug|Any CPU
		{B9DF24F9-5DBD-4C81-845E-8AB7184941D1}.Release|Any CPU.ActiveCfg = Release|Any CPU
		{B9DF24F9-5DBD-4C81-845E-8AB7184941D1}.Release|Any CPU.Build.0 = Release|Any CPU
		{41E03D97-4C93-40FA-854C-7A50F82D513D}.Debug|Any CPU.ActiveCfg = Debug|Any CPU
		{41E03D97-4C93-40FA-854C-7A50F82D513D}.Debug|Any CPU.Build.0 = Debug|Any CPU
		{41E03D97-4C93-40FA-854C-7A50F82D513D}.Release|Any CPU.ActiveCfg = Release|Any CPU
		{41E03D97-4C93-40FA-854C-7A50F82D513D}.Release|Any CPU.Build.0 = Release|Any CPU
		{8ECBFF55-2374-439A-BC67-77061B8FC4EA}.Debug|Any CPU.ActiveCfg = Debug|Any CPU
		{8ECBFF55-2374-439A-BC67-77061B8FC4EA}.Debug|Any CPU.Build.0 = Debug|Any CPU
		{8ECBFF55-2374-439A-BC67-77061B8FC4EA}.Release|Any CPU.ActiveCfg = Release|Any CPU
		{8ECBFF55-2374-439A-BC67-77061B8FC4EA}.Release|Any CPU.Build.0 = Release|Any CPU
		{C82BE803-F7AE-4E3B-922E-275AFCA63F24}.Debug|Any CPU.ActiveCfg = Debug|Any CPU
		{C82BE803-F7AE-4E3B-922E-275AFCA63F24}.Debug|Any CPU.Build.0 = Debug|Any CPU
		{C82BE803-F7AE-4E3B-922E-275AFCA63F24}.Release|Any CPU.ActiveCfg = Release|Any CPU
		{C82BE803-F7AE-4E3B-922E-275AFCA63F24}.Release|Any CPU.Build.0 = Release|Any CPU
		{8EBA0671-BE27-4F42-A543-71567D6E3832}.Debug|Any CPU.ActiveCfg = Debug|Any CPU
		{8EBA0671-BE27-4F42-A543-71567D6E3832}.Debug|Any CPU.Build.0 = Debug|Any CPU
		{8EBA0671-BE27-4F42-A543-71567D6E3832}.Release|Any CPU.ActiveCfg = Release|Any CPU
		{8EBA0671-BE27-4F42-A543-71567D6E3832}.Release|Any CPU.Build.0 = Release|Any CPU
		{B1B83D05-E06D-4443-9C72-B8C9D3FDA77B}.Debug|Any CPU.ActiveCfg = Debug|Any CPU
		{B1B83D05-E06D-4443-9C72-B8C9D3FDA77B}.Debug|Any CPU.Build.0 = Debug|Any CPU
		{B1B83D05-E06D-4443-9C72-B8C9D3FDA77B}.Release|Any CPU.ActiveCfg = Release|Any CPU
		{B1B83D05-E06D-4443-9C72-B8C9D3FDA77B}.Release|Any CPU.Build.0 = Release|Any CPU
		{30309772-F6CC-4B24-BD80-191F3D71393C}.Debug|Any CPU.ActiveCfg = Debug|Any CPU
		{30309772-F6CC-4B24-BD80-191F3D71393C}.Debug|Any CPU.Build.0 = Debug|Any CPU
		{30309772-F6CC-4B24-BD80-191F3D71393C}.Release|Any CPU.ActiveCfg = Release|Any CPU
		{30309772-F6CC-4B24-BD80-191F3D71393C}.Release|Any CPU.Build.0 = Release|Any CPU
		{3B0DD0C0-528F-4068-8A5B-E149271A9B02}.Debug|Any CPU.ActiveCfg = Debug|Any CPU
		{3B0DD0C0-528F-4068-8A5B-E149271A9B02}.Debug|Any CPU.Build.0 = Debug|Any CPU
		{3B0DD0C0-528F-4068-8A5B-E149271A9B02}.Release|Any CPU.ActiveCfg = Release|Any CPU
		{3B0DD0C0-528F-4068-8A5B-E149271A9B02}.Release|Any CPU.Build.0 = Release|Any CPU
		{81261860-0FF8-4961-B07F-098B972E4C2B}.Debug|Any CPU.ActiveCfg = Debug|Any CPU
		{81261860-0FF8-4961-B07F-098B972E4C2B}.Debug|Any CPU.Build.0 = Debug|Any CPU
		{81261860-0FF8-4961-B07F-098B972E4C2B}.Release|Any CPU.ActiveCfg = Release|Any CPU
		{81261860-0FF8-4961-B07F-098B972E4C2B}.Release|Any CPU.Build.0 = Release|Any CPU
		{A31F98AD-0218-4812-BB32-DA555FFF938B}.Debug|Any CPU.ActiveCfg = Debug|Any CPU
		{A31F98AD-0218-4812-BB32-DA555FFF938B}.Debug|Any CPU.Build.0 = Debug|Any CPU
		{A31F98AD-0218-4812-BB32-DA555FFF938B}.Release|Any CPU.ActiveCfg = Release|Any CPU
		{A31F98AD-0218-4812-BB32-DA555FFF938B}.Release|Any CPU.Build.0 = Release|Any CPU
		{2B0E8A17-29C9-4668-8BE2-713441061C6C}.Debug|Any CPU.ActiveCfg = Debug|Any CPU
		{2B0E8A17-29C9-4668-8BE2-713441061C6C}.Debug|Any CPU.Build.0 = Debug|Any CPU
		{2B0E8A17-29C9-4668-8BE2-713441061C6C}.Release|Any CPU.ActiveCfg = Release|Any CPU
		{2B0E8A17-29C9-4668-8BE2-713441061C6C}.Release|Any CPU.Build.0 = Release|Any CPU
		{F3C16D70-B8B7-4531-A90C-2A9E3978040D}.Debug|Any CPU.ActiveCfg = Debug|Any CPU
		{F3C16D70-B8B7-4531-A90C-2A9E3978040D}.Debug|Any CPU.Build.0 = Debug|Any CPU
		{F3C16D70-B8B7-4531-A90C-2A9E3978040D}.Release|Any CPU.ActiveCfg = Release|Any CPU
		{F3C16D70-B8B7-4531-A90C-2A9E3978040D}.Release|Any CPU.Build.0 = Release|Any CPU
		{811B2AB4-3E62-4D31-B6E7-994AE4E385BC}.Debug|Any CPU.ActiveCfg = Debug|Any CPU
		{811B2AB4-3E62-4D31-B6E7-994AE4E385BC}.Debug|Any CPU.Build.0 = Debug|Any CPU
		{811B2AB4-3E62-4D31-B6E7-994AE4E385BC}.Release|Any CPU.ActiveCfg = Release|Any CPU
		{811B2AB4-3E62-4D31-B6E7-994AE4E385BC}.Release|Any CPU.Build.0 = Release|Any CPU
		{D078B40F-17BA-4D71-B329-425E84C7F222}.Debug|Any CPU.ActiveCfg = Debug|Any CPU
		{D078B40F-17BA-4D71-B329-425E84C7F222}.Debug|Any CPU.Build.0 = Debug|Any CPU
		{D078B40F-17BA-4D71-B329-425E84C7F222}.Release|Any CPU.ActiveCfg = Release|Any CPU
		{D078B40F-17BA-4D71-B329-425E84C7F222}.Release|Any CPU.Build.0 = Release|Any CPU
	EndGlobalSection
	GlobalSection(SolutionProperties) = preSolution
		HideSolutionNode = FALSE
	EndGlobalSection
	GlobalSection(ExtensibilityGlobals) = postSolution
		SolutionGuid = {DFFEE22D-79CE-436B-B419-106BB0B5C050}
	EndGlobalSection
EndGlobal
